
Microsoft Visual Studio Solution File, Format Version 12.00
# Visual Studio Version 17
VisualStudioVersion = 17.13.35825.156 d17.13
MinimumVisualStudioVersion = 10.0.40219.1
Project("{FAE04EC0-301F-11D3-BF4B-00C04F79EFBC}") = "Artist-Recruitment-Website", "Artist-Recruitment-Website.csproj", "{3A8B2804-0EB1-4F50-A789-11D8B5B03388}"
EndProject
Global
	GlobalSection(SolutionConfigurationPlatforms) = preSolution
		Debug|Any CPU = Debug|Any CPU
		Release|Any CPU = Release|Any CPU
	EndGlobalSection
	GlobalSection(ProjectConfigurationPlatforms) = postSolution
		{3A8B2804-0EB1-4F50-A789-11D8B5B03388}.Debug|Any CPU.ActiveCfg = Debug|Any CPU
		{3A8B2804-0EB1-4F50-A789-11D8B5B03388}.Debug|Any CPU.Build.0 = Debug|Any CPU
		{3A8B2804-0EB1-4F50-A789-11D8B5B03388}.Release|Any CPU.ActiveCfg = Release|Any CPU
		{3A8B2804-0EB1-4F50-A789-11D8B5B03388}.Release|Any CPU.Build.0 = Release|Any CPU
	EndGlobalSection
	GlobalSection(SolutionProperties) = preSolution
		HideSolutionNode = FALSE
	EndGlobalSection
	GlobalSection(ExtensibilityGlobals) = postSolution
		SolutionGuid = {E9268CE4-44F7-4CB8-83DE-6C4C2E8E846F}
	EndGlobalSection
EndGlobal
