
Microsoft Visual Studio Solution File, Format Version 12.00
# Visual Studio Version 17
VisualStudioVersion = 17.9.34902.65
MinimumVisualStudioVersion = 10.0.40219.1
Project("{FAE04EC0-301F-11D3-BF4B-00C04F79EFBC}") = "Custing", "Custing\Custing.csproj", "{4CDE805D-B144-4547-800D-441A3ABBB01D}"
EndProject
Project("{FAE04EC0-301F-11D3-BF4B-00C04F79EFBC}") = "DAL", "DAL\DAL.csproj", "{6C0CF11C-5392-44DD-97A9-8EDF258A5BB1}"
EndProject
Project("{FAE04EC0-301F-11D3-BF4B-00C04F79EFBC}") = "BL", "BL\BL.csproj", "{B589D9F5-74FC-4A61-9597-FBAABA02DDFA}"
EndProject
Project("{FAE04EC0-301F-11D3-BF4B-00C04F79EFBC}") = "Models", "Models\Models.csproj", "{D867D9D9-BE1D-476C-A58B-830902EED206}"
EndProject
Global
	GlobalSection(SolutionConfigurationPlatforms) = preSolution
		Debug|Any CPU = Debug|Any CPU
		Release|Any CPU = Release|Any CPU
	EndGlobalSection
	GlobalSection(ProjectConfigurationPlatforms) = postSolution
		{4CDE805D-B144-4547-800D-441A3ABBB01D}.Debug|Any CPU.ActiveCfg = Debug|Any CPU
		{4CDE805D-B144-4547-800D-441A3ABBB01D}.Debug|Any CPU.Build.0 = Debug|Any CPU
		{4CDE805D-B144-4547-800D-441A3ABBB01D}.Release|Any CPU.ActiveCfg = Release|Any CPU
		{4CDE805D-B144-4547-800D-441A3ABBB01D}.Release|Any CPU.Build.0 = Release|Any CPU
		{6C0CF11C-5392-44DD-97A9-8EDF258A5BB1}.Debug|Any CPU.ActiveCfg = Debug|Any CPU
		{6C0CF11C-5392-44DD-97A9-8EDF258A5BB1}.Debug|Any CPU.Build.0 = Debug|Any CPU
		{6C0CF11C-5392-44DD-97A9-8EDF258A5BB1}.Release|Any CPU.ActiveCfg = Release|Any CPU
		{6C0CF11C-5392-44DD-97A9-8EDF258A5BB1}.Release|Any CPU.Build.0 = Release|Any CPU
		{B589D9F5-74FC-4A61-9597-FBAABA02DDFA}.Debug|Any CPU.ActiveCfg = Debug|Any CPU
		{B589D9F5-74FC-4A61-9597-FBAABA02DDFA}.Debug|Any CPU.Build.0 = Debug|Any CPU
		{B589D9F5-74FC-4A61-9597-FBAABA02DDFA}.Release|Any CPU.ActiveCfg = Release|Any CPU
		{B589D9F5-74FC-4A61-9597-FBAABA02DDFA}.Release|Any CPU.Build.0 = Release|Any CPU
		{D867D9D9-BE1D-476C-A58B-830902EED206}.Debug|Any CPU.ActiveCfg = Debug|Any CPU
		{D867D9D9-BE1D-476C-A58B-830902EED206}.Debug|Any CPU.Build.0 = Debug|Any CPU
		{D867D9D9-BE1D-476C-A58B-830902EED206}.Release|Any CPU.ActiveCfg = Release|Any CPU
		{D867D9D9-BE1D-476C-A58B-830902EED206}.Release|Any CPU.Build.0 = Release|Any CPU
	EndGlobalSection
	GlobalSection(SolutionProperties) = preSolution
		HideSolutionNode = FALSE
	EndGlobalSection
	GlobalSection(ExtensibilityGlobals) = postSolution
		SolutionGuid = {0A9280F1-1E55-49FA-8C82-6BB2552818C5}
	EndGlobalSection
EndGlobal
